<?xml version="1.0" encoding="utf-8"?>
<Project ToolsVersion="4.0" xmlns="http://schemas.microsoft.com/developer/msbuild/2003">
  <ItemGroup>
    <Filter Include="Core Files">
      <UniqueIdentifier>{c585edd9-7f4c-4699-834f-f098e43cbf16}</UniqueIdentifier>
    </Filter>
    <Filter Include="Scenes">
      <UniqueIdentifier>{893d0eff-9f9d-434d-ad7e-03a37c5fcea4}</UniqueIdentifier>
    </Filter>
    <Filter Include="Shaders">
      <UniqueIdentifier>{67DA6AB6-F800-4c08-8B7A-83BB121AAD01}</UniqueIdentifier>
      <Extensions>rc;ico;cur;bmp;dlg;rc2;rct;bin;rgs;gif;jpg;jpeg;jpe;resx;tiff;tif;png;wav;mfcribbon-ms</Extensions>
    </Filter>
    <Filter Include="Cameras">
      <UniqueIdentifier>{8c0a0ebd-0d56-4bf4-b0ce-cc7e1d6c7684}</UniqueIdentifier>
    </Filter>
    <Filter Include="Own Files">
      <UniqueIdentifier>{8fd29d67-f78e-4caa-9b91-2610cb7d15de}</UniqueIdentifier>
    </Filter>
  </ItemGroup>
  <ItemGroup>
    <ClCompile Include="Source\Camera.cpp">
      <Filter>Cameras</Filter>
    </ClCompile>
    <ClCompile Include="Source\Camera2.cpp">
      <Filter>Cameras</Filter>
    </ClCompile>
    <ClCompile Include="Source\Camera3.cpp">
      <Filter>Cameras</Filter>
    </ClCompile>
    <ClCompile Include="Source\CameraAss.cpp">
      <Filter>Cameras</Filter>
    </ClCompile>
    <ClCompile Include="Source\Application.cpp">
      <Filter>Core Files</Filter>
    </ClCompile>
    <ClCompile Include="Source\GameObject.cpp">
      <Filter>Own Files</Filter>
    </ClCompile>
    <ClCompile Include="Source\LoadHmap.cpp">
      <Filter>Core Files</Filter>
    </ClCompile>
    <ClCompile Include="Source\LoadOBJ.cpp">
      <Filter>Core Files</Filter>
    </ClCompile>
    <ClCompile Include="Source\LoadTGA.cpp">
      <Filter>Core Files</Filter>
    </ClCompile>
    <ClCompile Include="Source\main.cpp">
      <Filter>Core Files</Filter>
    </ClCompile>
    <ClCompile Include="Source\Mesh.cpp">
      <Filter>Core Files</Filter>
    </ClCompile>
    <ClCompile Include="Source\MeshBuilder.cpp">
      <Filter>Own Files</Filter>
    </ClCompile>
    <ClCompile Include="Source\ParticleObject.cpp">
      <Filter>Own Files</Filter>
    </ClCompile>
    <ClCompile Include="Source\SceneText.cpp">
      <Filter>Scenes</Filter>
    </ClCompile>
    <ClCompile Include="Source\shader.cpp">
      <Filter>Core Files</Filter>
    </ClCompile>
    <ClCompile Include="Source\Utility.cpp">
      <Filter>Core Files</Filter>
    </ClCompile>
    <ClCompile Include="Source\SpriteAnimation.cpp">
      <Filter>Own Files</Filter>
    </ClCompile>
    <ClCompile Include="Source\SceneShadow.cpp">
      <Filter>Scenes</Filter>
    </ClCompile>
    <ClCompile Include="Source\DepthFBO.cpp">
      <Filter>Core Files</Filter>
    </ClCompile>
    <ClCompile Include="Source\DayNightCycler.cpp" />
  </ItemGroup>
  <ItemGroup>
    <ClInclude Include="Source\Vertex.h">
      <Filter>Core Files</Filter>
    </ClInclude>
    <ClInclude Include="Source\Utility.h">
      <Filter>Core Files</Filter>
    </ClInclude>
    <ClInclude Include="Source\shader.hpp">
      <Filter>Core Files</Filter>
    </ClInclude>
    <ClInclude Include="Source\Scene.h">
      <Filter>Scenes</Filter>
    </ClInclude>
    <ClInclude Include="Source\SpriteAnimation.h">
      <Filter>Own Files</Filter>
    </ClInclude>
    <ClInclude Include="Source\ParticleObject.h">
      <Filter>Own Files</Filter>
    </ClInclude>
    <ClInclude Include="Source\MeshBuilder.h">
      <Filter>Own Files</Filter>
    </ClInclude>
    <ClInclude Include="Source\Mesh.h">
      <Filter>Core Files</Filter>
    </ClInclude>
    <ClInclude Include="Source\SceneText.h">
      <Filter>Scenes</Filter>
    </ClInclude>
    <ClInclude Include="Source\Material.h">
      <Filter>Core Files</Filter>
    </ClInclude>
    <ClInclude Include="Source\LoadTGA.h">
      <Filter>Core Files</Filter>
    </ClInclude>
    <ClInclude Include="Source\LoadOBJ.h">
      <Filter>Core Files</Filter>
    </ClInclude>
    <ClInclude Include="Source\LoadHmap.h">
      <Filter>Core Files</Filter>
    </ClInclude>
    <ClInclude Include="Source\Light.h">
      <Filter>Core Files</Filter>
    </ClInclude>
    <ClInclude Include="Source\Geometry.h">
      <Filter>Core Files</Filter>
    </ClInclude>
    <ClInclude Include="Source\GameObject.h">
      <Filter>Own Files</Filter>
    </ClInclude>
    <ClInclude Include="Source\CameraAss.h">
      <Filter>Cameras</Filter>
    </ClInclude>
    <ClInclude Include="Source\Camera.h">
      <Filter>Cameras</Filter>
    </ClInclude>
    <ClInclude Include="Source\Camera2.h">
      <Filter>Cameras</Filter>
    </ClInclude>
    <ClInclude Include="Source\Camera3.h">
      <Filter>Cameras</Filter>
    </ClInclude>
    <ClInclude Include="Source\Application.h">
      <Filter>Core Files</Filter>
    </ClInclude>
    <ClInclude Include="Source\GeoType.h">
      <Filter>Own Files</Filter>
    </ClInclude>
    <ClInclude Include="Source\SceneShadow.h">
      <Filter>Scenes</Filter>
    </ClInclude>
    <ClInclude Include="Source\DepthFBO.h">
      <Filter>Core Files</Filter>
    </ClInclude>
    <ClInclude Include="Source\DayNightCycler.h">
      <Filter>Own Files</Filter>
    </ClInclude>
  </ItemGroup>
  <ItemGroup>
    <None Include="Shader\Blending.fragmentshader">
      <Filter>Shaders</Filter>
    </None>
    <None Include="Shader\ColorFragmentShader.fragmentshader">
      <Filter>Shaders</Filter>
    </None>
    <None Include="Shader\comg.fragmentshader">
      <Filter>Shaders</Filter>
    </None>
    <None Include="Shader\comg.vertexshader">
      <Filter>Shaders</Filter>
    </None>
    <None Include="Shader\LightSource.fragmentshader">
      <Filter>Shaders</Filter>
    </None>
    <None Include="Shader\MultiLight.fragmentshader">
      <Filter>Shaders</Filter>
    </None>
    <None Include="Shader\MultiTexture.fragmentshader">
      <Filter>Shaders</Filter>
    </None>
    <None Include="Shader\Shading.fragmentshader">
      <Filter>Shaders</Filter>
    </None>
    <None Include="Shader\Shading.vertexshader">
      <Filter>Shaders</Filter>
    </None>
    <None Include="Shader\SimpleFragmentShader.fragmentshader">
      <Filter>Shaders</Filter>
    </None>
    <None Include="Shader\SimpleTransform.vertexshader">
      <Filter>Shaders</Filter>
    </None>
    <None Include="Shader\SimpleVertexShader.vertexshader">
      <Filter>Shaders</Filter>
    </None>
    <None Include="Shader\SingleColor.fragmentshader">
      <Filter>Shaders</Filter>
    </None>
    <None Include="Shader\Text.fragmentshader">
      <Filter>Shaders</Filter>
    </None>
    <None Include="Shader\TextOnly.fragmentshader">
      <Filter>Shaders</Filter>
    </None>
    <None Include="Shader\TextOnly.vertexshader">
      <Filter>Shaders</Filter>
    </None>
    <None Include="Shader\Texture.fragmentshader">
      <Filter>Shaders</Filter>
    </None>
    <None Include="Shader\Texture.vertexshader">
      <Filter>Shaders</Filter>
    </None>
    <None Include="Shader\TransformVertexShader.vertexshader">
      <Filter>Shaders</Filter>
    </None>
    <None Include="Shader\Fog.fragmentshader">
      <Filter>Shaders</Filter>
    </None>
    <None Include="Shader\Fog.vertexshader">
      <Filter>Shaders</Filter>
    </None>
    <None Include="Shader\Fog2.fragmentshader">
      <Filter>Shaders</Filter>
    </None>
    <None Include="Shader\GPass.fragmentshader">
      <Filter>Shaders</Filter>
    </None>
    <None Include="Shader\GPass.vertexshader">
      <Filter>Shaders</Filter>
    </None>
    <None Include="Shader\Shadow.fragmentshader">
      <Filter>Shaders</Filter>
    </None>
    <None Include="Shader\Shadow.vertexshader">
      <Filter>Shaders</Filter>
    </None>
  </ItemGroup>
</Project>